
Microsoft Visual Studio Solution File, Format Version 11.00
# Visual Studio 2010
Project("{FAE04EC0-301F-11D3-BF4B-00C04F79EFBC}") = "Web", "Web\Web.csproj", "{739EF684-0CE7-428B-8160-2DB43F2E1BC3}"
EndProject
Project("{FAE04EC0-301F-11D3-BF4B-00C04F79EFBC}") = "Dado.Validators", "Dado.Validators\Dado.Validators.csproj", "{D42FF69E-5F02-4471-92E6-DD75A84976AA}"
EndProject
Global
	GlobalSection(SolutionConfigurationPlatforms) = preSolution
		Debug|Any CPU = Debug|Any CPU
		Release|Any CPU = Release|Any CPU
	EndGlobalSection
	GlobalSection(ProjectConfigurationPlatforms) = postSolution
		{739EF684-0CE7-428B-8160-2DB43F2E1BC3}.Debug|Any CPU.ActiveCfg = Debug|Any CPU
		{739EF684-0CE7-428B-8160-2DB43F2E1BC3}.Debug|Any CPU.Build.0 = Debug|Any CPU
		{739EF684-0CE7-428B-8160-2DB43F2E1BC3}.Release|Any CPU.ActiveCfg = Release|Any CPU
		{739EF684-0CE7-428B-8160-2DB43F2E1BC3}.Release|Any CPU.Build.0 = Release|Any CPU
		{D42FF69E-5F02-4471-92E6-DD75A84976AA}.Debug|Any CPU.ActiveCfg = Debug|Any CPU
		{D42FF69E-5F02-4471-92E6-DD75A84976AA}.Debug|Any CPU.Build.0 = Debug|Any CPU
		{D42FF69E-5F02-4471-92E6-DD75A84976AA}.Release|Any CPU.ActiveCfg = Release|Any CPU
		{D42FF69E-5F02-4471-92E6-DD75A84976AA}.Release|Any CPU.Build.0 = Release|Any CPU
	EndGlobalSection
	GlobalSection(MonoDevelopProperties) = preSolution
		StartupItem = Web\Web.csproj
		Policies = $0
		$0.DotNetNamingPolicy = $1
		$1.DirectoryNamespaceAssociation = Hierarchical
		$1.ResourceNamePolicy = FileFormatDefault
		$0.StandardHeader = $2
		$2.Text = @----------------------------------------------------------------------------------\nDado Validators, Copyright ${Year} ${AuthorName}, ${DayName}, ${Day} ${MonthName} ${Year}.\r\nDual licensed under the MIT (http://www.roydukkey.com/mit) and\r\nGPL Version 2 (http://www.roydukkey.com/gpl) licenses.\n----------------------------------------------------------------------------------
		$2.IncludeInNewFiles = True
		$0.VersionControlPolicy = $3
		$3.inheritsSet = Mono
		$0.NameConventionPolicy = $4
		$4.Rules = $5
		$5.NamingRule = $6
		$6.Name = Namespaces
		$6.AffectedEntity = Namespace
		$6.VisibilityMask = VisibilityMask
		$6.NamingStyle = PascalCase
		$6.IncludeInstanceMembers = True
		$6.IncludeStaticEntities = True
		$5.NamingRule = $7
		$7.Name = Types
		$7.AffectedEntity = Class, Struct, Enum, Delegate
		$7.VisibilityMask = VisibilityMask
		$7.NamingStyle = PascalCase
		$7.IncludeInstanceMembers = True
		$7.IncludeStaticEntities = True
		$5.NamingRule = $8
		$8.Name = Interfaces
		$8.RequiredPrefixes = $9
		$9.String = I
		$8.AffectedEntity = Interface
		$8.VisibilityMask = VisibilityMask
		$8.NamingStyle = PascalCase
		$8.IncludeInstanceMembers = True
		$8.IncludeStaticEntities = True
		$5.NamingRule = $10
		$10.Name = Attributes
		$10.RequiredSuffixes = $11
		$11.String = Attribute
		$10.AffectedEntity = CustomAttributes
		$10.VisibilityMask = VisibilityMask
		$10.NamingStyle = PascalCase
		$10.IncludeInstanceMembers = True
		$10.IncludeStaticEntities = True
		$5.NamingRule = $12
		$12.Name = Event Arguments
		$12.RequiredSuffixes = $13
		$13.String = EventArgs
		$12.AffectedEntity = CustomEventArgs
		$12.VisibilityMask = VisibilityMask
		$12.NamingStyle = PascalCase
		$12.IncludeInstanceMembers = True
		$12.IncludeStaticEntities = True
		$5.NamingRule = $14
		$14.Name = Exceptions
		$14.RequiredSuffixes = $15
		$15.String = Exception
		$14.AffectedEntity = CustomExceptions
		$14.VisibilityMask = VisibilityMask
		$14.NamingStyle = PascalCase
		$14.IncludeInstanceMembers = True
		$14.IncludeStaticEntities = True
		$5.NamingRule = $16
		$16.Name = Methods
		$16.AffectedEntity = Methods
		$16.VisibilityMask = VisibilityMask
		$16.NamingStyle = PascalCase
		$16.IncludeInstanceMembers = True
		$16.IncludeStaticEntities = True
		$5.NamingRule = $17
		$17.Name = Static Readonly Fields
		$17.AffectedEntity = ReadonlyField
		$17.VisibilityMask = Internal, Protected, Public
		$17.NamingStyle = PascalCase
		$17.IncludeInstanceMembers = False
		$17.IncludeStaticEntities = True
		$5.NamingRule = $18
		$18.Name = Fields (Non Private)
		$18.AffectedEntity = Field
		$18.VisibilityMask = Internal, Protected, Public
		$18.NamingStyle = PascalCase
		$18.IncludeInstanceMembers = True
		$18.IncludeStaticEntities = True
		$5.NamingRule = $19
		$19.Name = ReadOnly Fields (Non Private)
		$19.AffectedEntity = ReadonlyField
		$19.VisibilityMask = Internal, Protected, Public
		$19.NamingStyle = PascalCase
		$19.IncludeInstanceMembers = True
		$19.IncludeStaticEntities = False
		$5.NamingRule = $20
		$20.Name = Fields (Private)
		$20.AllowedPrefixes = $21
		$21.String = _
		$21.String = m_
		$20.AffectedEntity = Field, ReadonlyField
		$20.VisibilityMask = Private
		$20.NamingStyle = CamelCase
		$20.IncludeInstanceMembers = True
		$20.IncludeStaticEntities = False
		$5.NamingRule = $22
		$22.Name = Static Fields (Private)
		$22.AffectedEntity = Field
		$22.VisibilityMask = Private
		$22.NamingStyle = CamelCase
		$22.IncludeInstanceMembers = False
		$22.IncludeStaticEntities = True
		$5.NamingRule = $23
		$23.Name = ReadOnly Fields (Private)
		$23.AllowedPrefixes = $24
		$24.String = _
		$24.String = m_
		$23.AffectedEntity = ReadonlyField
		$23.VisibilityMask = Private
		$23.NamingStyle = CamelCase
		$23.IncludeInstanceMembers = True
		$23.IncludeStaticEntities = False
		$5.NamingRule = $25
		$25.Name = Constant Fields
		$25.AffectedEntity = ConstantField
		$25.VisibilityMask = VisibilityMask
		$25.NamingStyle = PascalCase
		$25.IncludeInstanceMembers = True
		$25.IncludeStaticEntities = True
		$5.NamingRule = $26
		$26.Name = Properties
		$26.AffectedEntity = Property
		$26.VisibilityMask = VisibilityMask
		$26.NamingStyle = PascalCase
		$26.IncludeInstanceMembers = True
		$26.IncludeStaticEntities = True
		$5.NamingRule = $27
		$27.Name = Events
		$27.AffectedEntity = Event
		$27.VisibilityMask = VisibilityMask
		$27.NamingStyle = PascalCase
		$27.IncludeInstanceMembers = True
		$27.IncludeStaticEntities = True
		$5.NamingRule = $28
		$28.Name = Enum Members
		$28.AffectedEntity = EnumMember
		$28.VisibilityMask = VisibilityMask
		$28.NamingStyle = PascalCase
		$28.IncludeInstanceMembers = True
		$28.IncludeStaticEntities = True
		$5.NamingRule = $29
		$29.Name = Parameters
		$29.AffectedEntity = Parameter
		$29.VisibilityMask = VisibilityMask
		$29.NamingStyle = CamelCase
		$29.IncludeInstanceMembers = True
		$29.IncludeStaticEntities = True
		$5.NamingRule = $30
		$30.Name = Type Parameters
		$30.RequiredPrefixes = $31
		$31.String = T
		$30.AffectedEntity = TypeParameter
		$30.VisibilityMask = VisibilityMask
		$30.NamingStyle = PascalCase
		$30.IncludeInstanceMembers = True
		$30.IncludeStaticEntities = True
		$0.TextStylePolicy = $32
		$32.FileWidth = 120
		$32.TabsToSpaces = False
		$32.inheritsSet = VisualStudio
		$32.inheritsScope = text/plain
		$32.scope = text/plain
		$0.TextStylePolicy = $33
		$33.inheritsSet = null
		$33.scope = application/x-master-page
		$0.TextStylePolicy = $34
		$34.inheritsSet = null
		$34.scope = text/x-csharp
		$0.CSharpFormattingPolicy = $35
		$35.inheritsSet = Mono
		$35.inheritsScope = text/x-csharp
		$35.scope = text/x-csharp
		$0.TextStylePolicy = $36
		$36.inheritsSet = null
		$36.scope = application/javascript
		$0.ChangeLogPolicy = $37
		$37.UpdateMode = None
		$37.MessageStyle = $38
		$38.LineAlign = 0
		$37.inheritsSet = Mono
		description = An healthy alternative to the ASP.NET validation controls.
		version = 0.0.0.2
	EndGlobalSection
	GlobalSection(SolutionProperties) = preSolution
		HideSolutionNode = FALSE
	EndGlobalSection
EndGlobal
